
Microsoft Visual Studio Solution File, Format Version 12.00
# Visual Studio Version 17
VisualStudioVersion = 17.1.32421.90
MinimumVisualStudioVersion = 10.0.40219.1
Project("{FAE04EC0-301F-11D3-BF4B-00C04F79EFBC}") = "Personalregister", "Personalregister\Personalregister.csproj", "{51AA57E2-B296-47F0-B555-F9F35239D853}"
EndProject
Global
	GlobalSection(SolutionConfigurationPlatforms) = preSolution
		Debug|Any CPU = Debug|Any CPU
		Release|Any CPU = Release|Any CPU
	EndGlobalSection
	GlobalSection(ProjectConfigurationPlatforms) = postSolution
		{51AA57E2-B296-47F0-B555-F9F35239D853}.Debug|Any CPU.ActiveCfg = Debug|Any CPU
		{51AA57E2-B296-47F0-B555-F9F35239D853}.Debug|Any CPU.Build.0 = Debug|Any CPU
		{51AA57E2-B296-47F0-B555-F9F35239D853}.Release|Any CPU.ActiveCfg = Release|Any CPU
		{51AA57E2-B296-47F0-B555-F9F35239D853}.Release|Any CPU.Build.0 = Release|Any CPU
	EndGlobalSection
	GlobalSection(SolutionProperties) = preSolution
		HideSolutionNode = FALSE
	EndGlobalSection
	GlobalSection(ExtensibilityGlobals) = postSolution
		SolutionGuid = {542847EF-78CB-4376-BDF0-8CFF8B886C20}
	EndGlobalSection
EndGlobal
